
Microsoft Visual Studio Solution File, Format Version 12.00
# Visual Studio Version 17
VisualStudioVersion = 17.7.34018.315
MinimumVisualStudioVersion = 10.0.40219.1
Project("{FAE04EC0-301F-11D3-BF4B-00C04F79EFBC}") = "test1", "test1\test1.csproj", "{E2B37841-2AC4-4A69-9474-0A40CF2CC40E}"
EndProject
Global
	GlobalSection(SolutionConfigurationPlatforms) = preSolution
		Debug|Any CPU = Debug|Any CPU
		Release|Any CPU = Release|Any CPU
	EndGlobalSection
	GlobalSection(ProjectConfigurationPlatforms) = postSolution
		{E2B37841-2AC4-4A69-9474-0A40CF2CC40E}.Debug|Any CPU.ActiveCfg = Debug|Any CPU
		{E2B37841-2AC4-4A69-9474-0A40CF2CC40E}.Debug|Any CPU.Build.0 = Debug|Any CPU
		{E2B37841-2AC4-4A69-9474-0A40CF2CC40E}.Release|Any CPU.ActiveCfg = Release|Any CPU
		{E2B37841-2AC4-4A69-9474-0A40CF2CC40E}.Release|Any CPU.Build.0 = Release|Any CPU
	EndGlobalSection
	GlobalSection(SolutionProperties) = preSolution
		HideSolutionNode = FALSE
	EndGlobalSection
	GlobalSection(ExtensibilityGlobals) = postSolution
		SolutionGuid = {E6684F28-5804-48E8-99C4-4732C0DB1F8C}
	EndGlobalSection
EndGlobal
